{
  "originHash" : "44797536ce4392e894dd2e13a6b65470bf7119fb967bac38184895a2c6f1a2e4",
  "pins" : [
    {
      "identity" : "apollo-ios",
      "kind" : "remoteSourceControl",
      "location" : "https://github.com/apollographql/apollo-ios.git",
      "state" : {
        "revision" : "e98e9d3b398b6005149074d51b097e31aaa44f63",
        "version" : "1.17.0"
      }
    },
    {
      "identity" : "logtools",
      "kind" : "remoteSourceControl",
      "location" : "https://github.com/felfoldy/LogTools.git",
      "state" : {
        "revision" : "d0b3a0ce92550b2aa9cd3fd6c25a6441d75a8f50",
        "version" : "0.9.0"
      }
    },
    {
      "identity" : "sqlite.swift",
      "kind" : "remoteSourceControl",
      "location" : "https://github.com/stephencelis/SQLite.swift.git",
      "state" : {
        "revision" : "a95fc6df17d108bd99210db5e8a9bac90fe984b8",
        "version" : "0.15.3"
      }
    }
  ],
  "version" : 3
}
